
Microsoft Visual Studio Solution File, Format Version 12.00
# Visual Studio 2012
Project("{8BC9CEB8-8B4A-11D0-8D11-00A0C91BC942}") = "Logic", "Taskky\Taskky.vcxproj", "{772338BE-6A00-43FB-8B6E-F006FACFE48E}"
EndProject
Project("{8BC9CEB8-8B4A-11D0-8D11-00A0C91BC942}") = "LogicTest", "UnitTest1\UnitTest1.vcxproj", "{5D27778C-1E64-47AB-B4EF-328458A6885F}"
EndProject
Project("{8BC9CEB8-8B4A-11D0-8D11-00A0C91BC942}") = "UI", "UI\UI.vcxproj", "{49F12771-68DF-49D8-88CD-D712ADA0942B}"
EndProject
Project("{8BC9CEB8-8B4A-11D0-8D11-00A0C91BC942}") = "UITest", "UITest\UITest.vcxproj", "{A6CDD929-E3AD-48F2-B98C-E9BDE28FC1D1}"
EndProject
Project("{8BC9CEB8-8B4A-11D0-8D11-00A0C91BC942}") = "StorageTest", "StorageTest\StorageTest.vcxproj", "{19C47AD4-F3A3-4D3B-83D8-CB1BB6341DDF}"
EndProject
Project("{8BC9CEB8-8B4A-11D0-8D11-00A0C91BC942}") = "TempTest", "TempTest\TempTest.vcxproj", "{5846E2C0-BC80-4CEA-8AF9-B00DF989CA7B}"
EndProject
Project("{8BC9CEB8-8B4A-11D0-8D11-00A0C91BC942}") = "Storage", "Storage\Storage.vcxproj", "{B78ED4A1-0C54-4FF8-BB6E-0142DB5ABA43}"
EndProject
Project("{8BC9CEB8-8B4A-11D0-8D11-00A0C91BC942}") = "Temp", "Temp\Temp.vcxproj", "{1C2A494A-D521-4899-8727-EE0962651F76}"
EndProject
Global
	GlobalSection(SolutionConfigurationPlatforms) = preSolution
		Debug|Win32 = Debug|Win32
		Release|Win32 = Release|Win32
	EndGlobalSection
	GlobalSection(ProjectConfigurationPlatforms) = postSolution
		{772338BE-6A00-43FB-8B6E-F006FACFE48E}.Debug|Win32.ActiveCfg = Debug|Win32
		{772338BE-6A00-43FB-8B6E-F006FACFE48E}.Debug|Win32.Build.0 = Debug|Win32
		{772338BE-6A00-43FB-8B6E-F006FACFE48E}.Release|Win32.ActiveCfg = Release|Win32
		{772338BE-6A00-43FB-8B6E-F006FACFE48E}.Release|Win32.Build.0 = Release|Win32
		{5D27778C-1E64-47AB-B4EF-328458A6885F}.Debug|Win32.ActiveCfg = Debug|Win32
		{5D27778C-1E64-47AB-B4EF-328458A6885F}.Debug|Win32.Build.0 = Debug|Win32
		{5D27778C-1E64-47AB-B4EF-328458A6885F}.Release|Win32.ActiveCfg = Release|Win32
		{5D27778C-1E64-47AB-B4EF-328458A6885F}.Release|Win32.Build.0 = Release|Win32
		{49F12771-68DF-49D8-88CD-D712ADA0942B}.Debug|Win32.ActiveCfg = Debug|Win32
		{49F12771-68DF-49D8-88CD-D712ADA0942B}.Debug|Win32.Build.0 = Debug|Win32
		{49F12771-68DF-49D8-88CD-D712ADA0942B}.Release|Win32.ActiveCfg = Release|Win32
		{49F12771-68DF-49D8-88CD-D712ADA0942B}.Release|Win32.Build.0 = Release|Win32
		{A6CDD929-E3AD-48F2-B98C-E9BDE28FC1D1}.Debug|Win32.ActiveCfg = Debug|Win32
		{A6CDD929-E3AD-48F2-B98C-E9BDE28FC1D1}.Debug|Win32.Build.0 = Debug|Win32
		{A6CDD929-E3AD-48F2-B98C-E9BDE28FC1D1}.Release|Win32.ActiveCfg = Release|Win32
		{A6CDD929-E3AD-48F2-B98C-E9BDE28FC1D1}.Release|Win32.Build.0 = Release|Win32
		{19C47AD4-F3A3-4D3B-83D8-CB1BB6341DDF}.Debug|Win32.ActiveCfg = Debug|Win32
		{19C47AD4-F3A3-4D3B-83D8-CB1BB6341DDF}.Debug|Win32.Build.0 = Debug|Win32
		{19C47AD4-F3A3-4D3B-83D8-CB1BB6341DDF}.Release|Win32.ActiveCfg = Release|Win32
		{19C47AD4-F3A3-4D3B-83D8-CB1BB6341DDF}.Release|Win32.Build.0 = Release|Win32
		{5846E2C0-BC80-4CEA-8AF9-B00DF989CA7B}.Debug|Win32.ActiveCfg = Debug|Win32
		{5846E2C0-BC80-4CEA-8AF9-B00DF989CA7B}.Debug|Win32.Build.0 = Debug|Win32
		{5846E2C0-BC80-4CEA-8AF9-B00DF989CA7B}.Release|Win32.ActiveCfg = Release|Win32
		{5846E2C0-BC80-4CEA-8AF9-B00DF989CA7B}.Release|Win32.Build.0 = Release|Win32
		{B78ED4A1-0C54-4FF8-BB6E-0142DB5ABA43}.Debug|Win32.ActiveCfg = Debug|Win32
		{B78ED4A1-0C54-4FF8-BB6E-0142DB5ABA43}.Debug|Win32.Build.0 = Debug|Win32
		{B78ED4A1-0C54-4FF8-BB6E-0142DB5ABA43}.Release|Win32.ActiveCfg = Release|Win32
		{B78ED4A1-0C54-4FF8-BB6E-0142DB5ABA43}.Release|Win32.Build.0 = Release|Win32
		{1C2A494A-D521-4899-8727-EE0962651F76}.Debug|Win32.ActiveCfg = Debug|Win32
		{1C2A494A-D521-4899-8727-EE0962651F76}.Debug|Win32.Build.0 = Debug|Win32
		{1C2A494A-D521-4899-8727-EE0962651F76}.Release|Win32.ActiveCfg = Release|Win32
		{1C2A494A-D521-4899-8727-EE0962651F76}.Release|Win32.Build.0 = Release|Win32
	EndGlobalSection
	GlobalSection(SolutionProperties) = preSolution
		HideSolutionNode = FALSE
	EndGlobalSection
EndGlobal
